# @generated by Move, please check-in and do not edit manually.

[move]
version = 2
manifest_digest = "7149F4BC375639E2999B54D90B2C309AB4A0BD6438E001F9AFB2086CCEAB9455"
deps_digest = "3C4103934B1E040BB6B23F1D610B4EF9F2F1166A50A104EADCF77467C004C600"
dependencies = [
  { name = "Kiosk" },
  { name = "Sui" },
]

[[move.package]]
name = "Kiosk"
source = { local = "../kiosk" }

dependencies = [
  { name = "Sui" },
]

[[move.package]]
name = "MoveStdlib"
source = { local = "/Users/nikos/Tools/sui-worktree/main/crates/sui-framework/packages/move-stdlib" }

[[move.package]]
name = "Sui"
source = { local = "/Users/nikos/Tools/sui-worktree/main/crates/sui-framework/packages/sui-framework" }

dependencies = [
  { name = "MoveStdlib" },
]

[move.toolchain-version]
compiler-version = "1.28.0"
edition = "2024.beta"
flavor = "sui"

[env]

[env.localnet]
chain-id = "3bcf7a51"
original-published-id = "0xb61dd5fddc2760688477249eaa3f2f9dcff880431d2370437fd7b260045b4af5"
latest-published-id = "0xb61dd5fddc2760688477249eaa3f2f9dcff880431d2370437fd7b260045b4af5"
published-version = "1"
